// !$*UTF8*$!
{
	archiveVersion = 1;
	classes = {
	};
	objectVersion = 52;
	objects = {

/* Begin PBXBuildFile section */
		18F9E9C0270DA29500C32202 /* LaunchScreen.storyboard in Resources */ = {isa = PBXBuildFile; fileRef = 18F9E9BF270DA29500C32202 /* LaunchScreen.storyboard */; };
		88AA2D2B270DEDA7001647FA /* DataStore.swift in Sources */ = {isa = PBXBuildFile; fileRef = 88AA2D2A270DEDA7001647FA /* DataStore.swift */; };
		9D231B9026A3F6ED009E482B /* ListView.swift in Sources */ = {isa = PBXBuildFile; fileRef = 9D231B8F26A3F6ED009E482B /* ListView.swift */; };
		9D231B9226A41843009E482B /* GlobalUsersView.swift in Sources */ = {isa = PBXBuildFile; fileRef = 9D231B9126A41843009E482B /* GlobalUsersView.swift */; };
		9D231B9526A420EC009E482B /* GlobalView.swift in Sources */ = {isa = PBXBuildFile; fileRef = 9D231B9426A420EC009E482B /* GlobalView.swift */; };
		9D3BCC8C26A56AC500D8374D /* UserPage.swift in Sources */ = {isa = PBXBuildFile; fileRef = 9D3BCC8B26A56AC500D8374D /* UserPage.swift */; };
		9D79D12726A29D4100B191ED /* DiaryView.swift in Sources */ = {isa = PBXBuildFile; fileRef = 9D79D12626A29D4100B191ED /* DiaryView.swift */; };
		9D8175F8269EAEB10052FBF6 /* mongodb_swiftuiApp.swift in Sources */ = {isa = PBXBuildFile; fileRef = 9D8175F7269EAEB10052FBF6 /* mongodb_swiftuiApp.swift */; };
		9D8175FA269EAEB10052FBF6 /* ContentView.swift in Sources */ = {isa = PBXBuildFile; fileRef = 9D8175F9269EAEB10052FBF6 /* ContentView.swift */; };
		9D8175FC269EAEB10052FBF6 /* Assets.xcassets in Resources */ = {isa = PBXBuildFile; fileRef = 9D8175FB269EAEB10052FBF6 /* Assets.xcassets */; };
		9D8175FF269EAEB10052FBF6 /* Preview Assets.xcassets in Resources */ = {isa = PBXBuildFile; fileRef = 9D8175FE269EAEB10052FBF6 /* Preview Assets.xcassets */; };
		9D817608269EAFAE0052FBF6 /* Realm in Frameworks */ = {isa = PBXBuildFile; productRef = 9D817607269EAFAE0052FBF6 /* Realm */; };
		9D81760A269EAFAE0052FBF6 /* RealmSwift in Frameworks */ = {isa = PBXBuildFile; productRef = 9D817609269EAFAE0052FBF6 /* RealmSwift */; };
		9D81760C269EB8EF0052FBF6 /* Model.swift in Sources */ = {isa = PBXBuildFile; fileRef = 9D81760B269EB8EF0052FBF6 /* Model.swift */; };
		9D81760E269ECA650052FBF6 /* LoginView.swift in Sources */ = {isa = PBXBuildFile; fileRef = 9D81760D269ECA650052FBF6 /* LoginView.swift */; };
		9D817612269F47E10052FBF6 /* RealmAuth.swift in Sources */ = {isa = PBXBuildFile; fileRef = 9D817611269F47E10052FBF6 /* RealmAuth.swift */; };
		9D817614269F4C000052FBF6 /* RegisterView.swift in Sources */ = {isa = PBXBuildFile; fileRef = 9D817613269F4C000052FBF6 /* RegisterView.swift */; };
		9DA463CB26A008C200FD7A46 /* HomeView.swift in Sources */ = {isa = PBXBuildFile; fileRef = 9DA463CA26A008C200FD7A46 /* HomeView.swift */; };
		9DF34CF526A1651E00039F6C /* WelcomeView.swift in Sources */ = {isa = PBXBuildFile; fileRef = 9DF34CF426A1651E00039F6C /* WelcomeView.swift */; };
		D5631409270CE636005E6CDF /* Lottie in Frameworks */ = {isa = PBXBuildFile; productRef = D5631408270CE636005E6CDF /* Lottie */; };
		D563140B270CE64A005E6CDF /* LottieView.swift in Sources */ = {isa = PBXBuildFile; fileRef = D563140A270CE64A005E6CDF /* LottieView.swift */; };
		D563140E270CE6C7005E6CDF /* noteTaking.json in Resources */ = {isa = PBXBuildFile; fileRef = D563140D270CE6C7005E6CDF /* noteTaking.json */; };
		D5631411270CE9D2005E6CDF /* SPConfetti in Frameworks */ = {isa = PBXBuildFile; productRef = D5631410270CE9D2005E6CDF /* SPConfetti */; };
		D5631413270CED21005E6CDF /* signup.json in Resources */ = {isa = PBXBuildFile; fileRef = D5631412270CED20005E6CDF /* signup.json */; };
/* End PBXBuildFile section */

/* Begin PBXFileReference section */
		18F9E9BF270DA29500C32202 /* LaunchScreen.storyboard */ = {isa = PBXFileReference; lastKnownFileType = file.storyboard; path = LaunchScreen.storyboard; sourceTree = "<group>"; };
		88AA2D2A270DEDA7001647FA /* DataStore.swift */ = {isa = PBXFileReference; lastKnownFileType = sourcecode.swift; path = DataStore.swift; sourceTree = "<group>"; };
		9D231B8F26A3F6ED009E482B /* ListView.swift */ = {isa = PBXFileReference; lastKnownFileType = sourcecode.swift; path = ListView.swift; sourceTree = "<group>"; };
		9D231B9126A41843009E482B /* GlobalUsersView.swift */ = {isa = PBXFileReference; lastKnownFileType = sourcecode.swift; path = GlobalUsersView.swift; sourceTree = "<group>"; };
		9D231B9426A420EC009E482B /* GlobalView.swift */ = {isa = PBXFileReference; lastKnownFileType = sourcecode.swift; path = GlobalView.swift; sourceTree = "<group>"; };
		9D3BCC8B26A56AC500D8374D /* UserPage.swift */ = {isa = PBXFileReference; lastKnownFileType = sourcecode.swift; path = UserPage.swift; sourceTree = "<group>"; };
		9D79D12626A29D4100B191ED /* DiaryView.swift */ = {isa = PBXFileReference; lastKnownFileType = sourcecode.swift; path = DiaryView.swift; sourceTree = "<group>"; };
		9D8175F4269EAEB10052FBF6 /* mongodb-swiftui.app */ = {isa = PBXFileReference; explicitFileType = wrapper.application; includeInIndex = 0; path = "mongodb-swiftui.app"; sourceTree = BUILT_PRODUCTS_DIR; };
		9D8175F7269EAEB10052FBF6 /* mongodb_swiftuiApp.swift */ = {isa = PBXFileReference; lastKnownFileType = sourcecode.swift; path = mongodb_swiftuiApp.swift; sourceTree = "<group>"; };
		9D8175F9269EAEB10052FBF6 /* ContentView.swift */ = {isa = PBXFileReference; lastKnownFileType = sourcecode.swift; path = ContentView.swift; sourceTree = "<group>"; };
		9D8175FB269EAEB10052FBF6 /* Assets.xcassets */ = {isa = PBXFileReference; lastKnownFileType = folder.assetcatalog; path = Assets.xcassets; sourceTree = "<group>"; };
		9D8175FE269EAEB10052FBF6 /* Preview Assets.xcassets */ = {isa = PBXFileReference; lastKnownFileType = folder.assetcatalog; path = "Preview Assets.xcassets"; sourceTree = "<group>"; };
		9D817600269EAEB10052FBF6 /* Info.plist */ = {isa = PBXFileReference; lastKnownFileType = text.plist.xml; path = Info.plist; sourceTree = "<group>"; };
		9D81760B269EB8EF0052FBF6 /* Model.swift */ = {isa = PBXFileReference; lastKnownFileType = sourcecode.swift; path = Model.swift; sourceTree = "<group>"; };
		9D81760D269ECA650052FBF6 /* LoginView.swift */ = {isa = PBXFileReference; lastKnownFileType = sourcecode.swift; path = LoginView.swift; sourceTree = "<group>"; };
		9D817611269F47E10052FBF6 /* RealmAuth.swift */ = {isa = PBXFileReference; lastKnownFileType = sourcecode.swift; path = RealmAuth.swift; sourceTree = "<group>"; };
		9D817613269F4C000052FBF6 /* RegisterView.swift */ = {isa = PBXFileReference; lastKnownFileType = sourcecode.swift; path = RegisterView.swift; sourceTree = "<group>"; };
		9DA463CA26A008C200FD7A46 /* HomeView.swift */ = {isa = PBXFileReference; lastKnownFileType = sourcecode.swift; path = HomeView.swift; sourceTree = "<group>"; };
		9DF34CF426A1651E00039F6C /* WelcomeView.swift */ = {isa = PBXFileReference; lastKnownFileType = sourcecode.swift; path = WelcomeView.swift; sourceTree = "<group>"; };
		D563140A270CE64A005E6CDF /* LottieView.swift */ = {isa = PBXFileReference; lastKnownFileType = sourcecode.swift; path = LottieView.swift; sourceTree = "<group>"; };
		D563140D270CE6C7005E6CDF /* noteTaking.json */ = {isa = PBXFileReference; fileEncoding = 4; lastKnownFileType = text.json; path = noteTaking.json; sourceTree = "<group>"; };
		D5631412270CED20005E6CDF /* signup.json */ = {isa = PBXFileReference; fileEncoding = 4; lastKnownFileType = text.json; path = signup.json; sourceTree = "<group>"; };
/* End PBXFileReference section */

/* Begin PBXFrameworksBuildPhase section */
		9D8175F1269EAEB10052FBF6 /* Frameworks */ = {
			isa = PBXFrameworksBuildPhase;
			buildActionMask = 2147483647;
			files = (
				9D81760A269EAFAE0052FBF6 /* RealmSwift in Frameworks */,
				D5631411270CE9D2005E6CDF /* SPConfetti in Frameworks */,
				9D817608269EAFAE0052FBF6 /* Realm in Frameworks */,
				D5631409270CE636005E6CDF /* Lottie in Frameworks */,
			);
			runOnlyForDeploymentPostprocessing = 0;
		};
/* End PBXFrameworksBuildPhase section */

/* Begin PBXGroup section */
		88AA2D29270DED94001647FA /* DataStore */ = {
			isa = PBXGroup;
			children = (
				88AA2D2A270DEDA7001647FA /* DataStore.swift */,
			);
			path = DataStore;
			sourceTree = "<group>";
		};
		9D231B9326A420DE009E482B /* Designs */ = {
			isa = PBXGroup;
			children = (
				9D231B8F26A3F6ED009E482B /* ListView.swift */,
				9D231B9426A420EC009E482B /* GlobalView.swift */,
			);
			path = Designs;
			sourceTree = "<group>";
		};
		9D8175EB269EAEB10052FBF6 = {
			isa = PBXGroup;
			children = (
				9D8175F6269EAEB10052FBF6 /* mongodb-swiftui */,
				9D8175F5269EAEB10052FBF6 /* Products */,
			);
			sourceTree = "<group>";
		};
		9D8175F5269EAEB10052FBF6 /* Products */ = {
			isa = PBXGroup;
			children = (
				9D8175F4269EAEB10052FBF6 /* mongodb-swiftui.app */,
			);
			name = Products;
			sourceTree = "<group>";
		};
		9D8175F6269EAEB10052FBF6 /* mongodb-swiftui */ = {
			isa = PBXGroup;
			children = (
				D563140C270CE698005E6CDF /* Lottie */,
				9D8175F7269EAEB10052FBF6 /* mongodb_swiftuiApp.swift */,
				9D8175F9269EAEB10052FBF6 /* ContentView.swift */,
				9D8175FB269EAEB10052FBF6 /* Assets.xcassets */,
				9D817600269EAEB10052FBF6 /* Info.plist */,
				88AA2D29270DED94001647FA /* DataStore */,
				9D231B9326A420DE009E482B /* Designs */,
				9D817610269F47D60052FBF6 /* Models */,
				18F9E9BF270DA29500C32202 /* LaunchScreen.storyboard */,
				9D81760F269ECA6E0052FBF6 /* View */,
				9D8175FD269EAEB10052FBF6 /* Preview Content */,
			);
			path = "mongodb-swiftui";
			sourceTree = "<group>";
		};
		9D8175FD269EAEB10052FBF6 /* Preview Content */ = {
			isa = PBXGroup;
			children = (
				9D8175FE269EAEB10052FBF6 /* Preview Assets.xcassets */,
			);
			path = "Preview Content";
			sourceTree = "<group>";
		};
		9D81760F269ECA6E0052FBF6 /* View */ = {
			isa = PBXGroup;
			children = (
				9D81760D269ECA650052FBF6 /* LoginView.swift */,
				9D817613269F4C000052FBF6 /* RegisterView.swift */,
				9DA463CA26A008C200FD7A46 /* HomeView.swift */,
				9DF34CF626A1652200039F6C /* Pages */,
				D563140A270CE64A005E6CDF /* LottieView.swift */,
			);
			path = View;
			sourceTree = "<group>";
		};
		9D817610269F47D60052FBF6 /* Models */ = {
			isa = PBXGroup;
			children = (
				9D81760B269EB8EF0052FBF6 /* Model.swift */,
				9D817611269F47E10052FBF6 /* RealmAuth.swift */,
			);
			path = Models;
			sourceTree = "<group>";
		};
		9DF34CF626A1652200039F6C /* Pages */ = {
			isa = PBXGroup;
			children = (
				9DF34CF426A1651E00039F6C /* WelcomeView.swift */,
				9D79D12626A29D4100B191ED /* DiaryView.swift */,
				9D231B9126A41843009E482B /* GlobalUsersView.swift */,
				9D3BCC8B26A56AC500D8374D /* UserPage.swift */,
			);
			path = Pages;
			sourceTree = "<group>";
		};
		D563140C270CE698005E6CDF /* Lottie */ = {
			isa = PBXGroup;
			children = (
				D5631412270CED20005E6CDF /* signup.json */,
				D563140D270CE6C7005E6CDF /* noteTaking.json */,
			);
			path = Lottie;
			sourceTree = "<group>";
		};
/* End PBXGroup section */

/* Begin PBXNativeTarget section */
		9D8175F3269EAEB10052FBF6 /* mongodb-swiftui */ = {
			isa = PBXNativeTarget;
			buildConfigurationList = 9D817603269EAEB10052FBF6 /* Build configuration list for PBXNativeTarget "mongodb-swiftui" */;
			buildPhases = (
				9D8175F0269EAEB10052FBF6 /* Sources */,
				9D8175F1269EAEB10052FBF6 /* Frameworks */,
				9D8175F2269EAEB10052FBF6 /* Resources */,
			);
			buildRules = (
			);
			dependencies = (
			);
			name = "mongodb-swiftui";
			packageProductDependencies = (
				9D817607269EAFAE0052FBF6 /* Realm */,
				9D817609269EAFAE0052FBF6 /* RealmSwift */,
				D5631408270CE636005E6CDF /* Lottie */,
				D5631410270CE9D2005E6CDF /* SPConfetti */,
			);
			productName = "mongodb-swiftui";
			productReference = 9D8175F4269EAEB10052FBF6 /* mongodb-swiftui.app */;
			productType = "com.apple.product-type.application";
		};
/* End PBXNativeTarget section */

/* Begin PBXProject section */
		9D8175EC269EAEB10052FBF6 /* Project object */ = {
			isa = PBXProject;
			attributes = {
				LastSwiftUpdateCheck = 1250;
				LastUpgradeCheck = 1250;
				TargetAttributes = {
					9D8175F3269EAEB10052FBF6 = {
						CreatedOnToolsVersion = 12.5.1;
					};
				};
			};
			buildConfigurationList = 9D8175EF269EAEB10052FBF6 /* Build configuration list for PBXProject "mongodb-swiftui" */;
			compatibilityVersion = "Xcode 9.3";
			developmentRegion = en;
			hasScannedForEncodings = 0;
			knownRegions = (
				en,
				Base,
			);
			mainGroup = 9D8175EB269EAEB10052FBF6;
			packageReferences = (
				9D817606269EAFAE0052FBF6 /* XCRemoteSwiftPackageReference "realm-cocoa" */,
				D5631407270CE636005E6CDF /* XCRemoteSwiftPackageReference "lottie-ios" */,
				D563140F270CE9D1005E6CDF /* XCRemoteSwiftPackageReference "SPConfetti" */,
			);
			productRefGroup = 9D8175F5269EAEB10052FBF6 /* Products */;
			projectDirPath = "";
			projectRoot = "";
			targets = (
				9D8175F3269EAEB10052FBF6 /* mongodb-swiftui */,
			);
		};
/* End PBXProject section */

/* Begin PBXResourcesBuildPhase section */
		9D8175F2269EAEB10052FBF6 /* Resources */ = {
			isa = PBXResourcesBuildPhase;
			buildActionMask = 2147483647;
			files = (
				18F9E9C0270DA29500C32202 /* LaunchScreen.storyboard in Resources */,
				9D8175FF269EAEB10052FBF6 /* Preview Assets.xcassets in Resources */,
				D5631413270CED21005E6CDF /* signup.json in Resources */,
				D563140E270CE6C7005E6CDF /* noteTaking.json in Resources */,
				9D8175FC269EAEB10052FBF6 /* Assets.xcassets in Resources */,
			);
			runOnlyForDeploymentPostprocessing = 0;
		};
/* End PBXResourcesBuildPhase section */

/* Begin PBXSourcesBuildPhase section */
		9D8175F0269EAEB10052FBF6 /* Sources */ = {
			isa = PBXSourcesBuildPhase;
			buildActionMask = 2147483647;
			files = (
				9D81760C269EB8EF0052FBF6 /* Model.swift in Sources */,
				9D3BCC8C26A56AC500D8374D /* UserPage.swift in Sources */,
				9DA463CB26A008C200FD7A46 /* HomeView.swift in Sources */,
				9D231B9026A3F6ED009E482B /* ListView.swift in Sources */,
				9D231B9526A420EC009E482B /* GlobalView.swift in Sources */,
				9D8175FA269EAEB10052FBF6 /* ContentView.swift in Sources */,
				9DF34CF526A1651E00039F6C /* WelcomeView.swift in Sources */,
				88AA2D2B270DEDA7001647FA /* DataStore.swift in Sources */,
				9D817612269F47E10052FBF6 /* RealmAuth.swift in Sources */,
				9D231B9226A41843009E482B /* GlobalUsersView.swift in Sources */,
				9D79D12726A29D4100B191ED /* DiaryView.swift in Sources */,
				9D817614269F4C000052FBF6 /* RegisterView.swift in Sources */,
				D563140B270CE64A005E6CDF /* LottieView.swift in Sources */,
				9D81760E269ECA650052FBF6 /* LoginView.swift in Sources */,
				9D8175F8269EAEB10052FBF6 /* mongodb_swiftuiApp.swift in Sources */,
			);
			runOnlyForDeploymentPostprocessing = 0;
		};
/* End PBXSourcesBuildPhase section */

/* Begin XCBuildConfiguration section */
		9D817601269EAEB10052FBF6 /* Debug */ = {
			isa = XCBuildConfiguration;
			buildSettings = {
				ALWAYS_SEARCH_USER_PATHS = NO;
				CLANG_ANALYZER_NONNULL = YES;
				CLANG_ANALYZER_NUMBER_OBJECT_CONVERSION = YES_AGGRESSIVE;
				CLANG_CXX_LANGUAGE_STANDARD = "gnu++14";
				CLANG_CXX_LIBRARY = "libc++";
				CLANG_ENABLE_MODULES = YES;
				CLANG_ENABLE_OBJC_ARC = YES;
				CLANG_ENABLE_OBJC_WEAK = YES;
				CLANG_WARN_BLOCK_CAPTURE_AUTORELEASING = YES;
				CLANG_WARN_BOOL_CONVERSION = YES;
				CLANG_WARN_COMMA = YES;
				CLANG_WARN_CONSTANT_CONVERSION = YES;
				CLANG_WARN_DEPRECATED_OBJC_IMPLEMENTATIONS = YES;
				CLANG_WARN_DIRECT_OBJC_ISA_USAGE = YES_ERROR;
				CLANG_WARN_DOCUMENTATION_COMMENTS = YES;
				CLANG_WARN_EMPTY_BODY = YES;
				CLANG_WARN_ENUM_CONVERSION = YES;
				CLANG_WARN_INFINITE_RECURSION = YES;
				CLANG_WARN_INT_CONVERSION = YES;
				CLANG_WARN_NON_LITERAL_NULL_CONVERSION = YES;
				CLANG_WARN_OBJC_IMPLICIT_RETAIN_SELF = YES;
				CLANG_WARN_OBJC_LITERAL_CONVERSION = YES;
				CLANG_WARN_OBJC_ROOT_CLASS = YES_ERROR;
				CLANG_WARN_QUOTED_INCLUDE_IN_FRAMEWORK_HEADER = YES;
				CLANG_WARN_RANGE_LOOP_ANALYSIS = YES;
				CLANG_WARN_STRICT_PROTOTYPES = YES;
				CLANG_WARN_SUSPICIOUS_MOVE = YES;
				CLANG_WARN_UNGUARDED_AVAILABILITY = YES_AGGRESSIVE;
				CLANG_WARN_UNREACHABLE_CODE = YES;
				CLANG_WARN__DUPLICATE_METHOD_MATCH = YES;
				COPY_PHASE_STRIP = NO;
				DEBUG_INFORMATION_FORMAT = dwarf;
				ENABLE_STRICT_OBJC_MSGSEND = YES;
				ENABLE_TESTABILITY = YES;
				GCC_C_LANGUAGE_STANDARD = gnu11;
				GCC_DYNAMIC_NO_PIC = NO;
				GCC_NO_COMMON_BLOCKS = YES;
				GCC_OPTIMIZATION_LEVEL = 0;
				GCC_PREPROCESSOR_DEFINITIONS = (
					"DEBUG=1",
					"$(inherited)",
				);
				GCC_WARN_64_TO_32_BIT_CONVERSION = YES;
				GCC_WARN_ABOUT_RETURN_TYPE = YES_ERROR;
				GCC_WARN_UNDECLARED_SELECTOR = YES;
				GCC_WARN_UNINITIALIZED_AUTOS = YES_AGGRESSIVE;
				GCC_WARN_UNUSED_FUNCTION = YES;
				GCC_WARN_UNUSED_VARIABLE = YES;
				IPHONEOS_DEPLOYMENT_TARGET = 14.5;
				MTL_ENABLE_DEBUG_INFO = INCLUDE_SOURCE;
				MTL_FAST_MATH = YES;
				ONLY_ACTIVE_ARCH = YES;
				SDKROOT = iphoneos;
				SWIFT_ACTIVE_COMPILATION_CONDITIONS = DEBUG;
				SWIFT_OPTIMIZATION_LEVEL = "-Onone";
			};
			name = Debug;
		};
		9D817602269EAEB10052FBF6 /* Release */ = {
			isa = XCBuildConfiguration;
			buildSettings = {
				ALWAYS_SEARCH_USER_PATHS = NO;
				CLANG_ANALYZER_NONNULL = YES;
				CLANG_ANALYZER_NUMBER_OBJECT_CONVERSION = YES_AGGRESSIVE;
				CLANG_CXX_LANGUAGE_STANDARD = "gnu++14";
				CLANG_CXX_LIBRARY = "libc++";
				CLANG_ENABLE_MODULES = YES;
				CLANG_ENABLE_OBJC_ARC = YES;
				CLANG_ENABLE_OBJC_WEAK = YES;
				CLANG_WARN_BLOCK_CAPTURE_AUTORELEASING = YES;
				CLANG_WARN_BOOL_CONVERSION = YES;
				CLANG_WARN_COMMA = YES;
				CLANG_WARN_CONSTANT_CONVERSION = YES;
				CLANG_WARN_DEPRECATED_OBJC_IMPLEMENTATIONS = YES;
				CLANG_WARN_DIRECT_OBJC_ISA_USAGE = YES_ERROR;
				CLANG_WARN_DOCUMENTATION_COMMENTS = YES;
				CLANG_WARN_EMPTY_BODY = YES;
				CLANG_WARN_ENUM_CONVERSION = YES;
				CLANG_WARN_INFINITE_RECURSION = YES;
				CLANG_WARN_INT_CONVERSION = YES;
				CLANG_WARN_NON_LITERAL_NULL_CONVERSION = YES;
				CLANG_WARN_OBJC_IMPLICIT_RETAIN_SELF = YES;
				CLANG_WARN_OBJC_LITERAL_CONVERSION = YES;
				CLANG_WARN_OBJC_ROOT_CLASS = YES_ERROR;
				CLANG_WARN_QUOTED_INCLUDE_IN_FRAMEWORK_HEADER = YES;
				CLANG_WARN_RANGE_LOOP_ANALYSIS = YES;
				CLANG_WARN_STRICT_PROTOTYPES = YES;
				CLANG_WARN_SUSPICIOUS_MOVE = YES;
				CLANG_WARN_UNGUARDED_AVAILABILITY = YES_AGGRESSIVE;
				CLANG_WARN_UNREACHABLE_CODE = YES;
				CLANG_WARN__DUPLICATE_METHOD_MATCH = YES;
				COPY_PHASE_STRIP = NO;
				DEBUG_INFORMATION_FORMAT = "dwarf-with-dsym";
				ENABLE_NS_ASSERTIONS = NO;
				ENABLE_STRICT_OBJC_MSGSEND = YES;
				GCC_C_LANGUAGE_STANDARD = gnu11;
				GCC_NO_COMMON_BLOCKS = YES;
				GCC_WARN_64_TO_32_BIT_CONVERSION = YES;
				GCC_WARN_ABOUT_RETURN_TYPE = YES_ERROR;
				GCC_WARN_UNDECLARED_SELECTOR = YES;
				GCC_WARN_UNINITIALIZED_AUTOS = YES_AGGRESSIVE;
				GCC_WARN_UNUSED_FUNCTION = YES;
				GCC_WARN_UNUSED_VARIABLE = YES;
				IPHONEOS_DEPLOYMENT_TARGET = 14.5;
				MTL_ENABLE_DEBUG_INFO = NO;
				MTL_FAST_MATH = YES;
				SDKROOT = iphoneos;
				SWIFT_COMPILATION_MODE = wholemodule;
				SWIFT_OPTIMIZATION_LEVEL = "-O";
				VALIDATE_PRODUCT = YES;
			};
			name = Release;
		};
		9D817604269EAEB10052FBF6 /* Debug */ = {
			isa = XCBuildConfiguration;
			buildSettings = {
				ASSETCATALOG_COMPILER_APPICON_NAME = AppIcon;
				ASSETCATALOG_COMPILER_GLOBAL_ACCENT_COLOR_NAME = AccentColor;
				CODE_SIGN_STYLE = Automatic;
				DEVELOPMENT_ASSET_PATHS = "\"mongodb-swiftui/Preview Content\"";
				ENABLE_PREVIEWS = YES;
				INFOPLIST_FILE = "mongodb-swiftui/Info.plist";
				IPHONEOS_DEPLOYMENT_TARGET = 14.0;
				LD_RUNPATH_SEARCH_PATHS = (
					"$(inherited)",
					"@executable_path/Frameworks",
				);
				PRODUCT_BUNDLE_IDENTIFIER = "live.amey.mongodb-swiftui";
				PRODUCT_NAME = "$(TARGET_NAME)";
				SWIFT_VERSION = 5.0;
				TARGETED_DEVICE_FAMILY = "1,2";
			};
			name = Debug;
		};
		9D817605269EAEB10052FBF6 /* Release */ = {
			isa = XCBuildConfiguration;
			buildSettings = {
				ASSETCATALOG_COMPILER_APPICON_NAME = AppIcon;
				ASSETCATALOG_COMPILER_GLOBAL_ACCENT_COLOR_NAME = AccentColor;
				CODE_SIGN_STYLE = Automatic;
				DEVELOPMENT_ASSET_PATHS = "\"mongodb-swiftui/Preview Content\"";
				ENABLE_PREVIEWS = YES;
				INFOPLIST_FILE = "mongodb-swiftui/Info.plist";
				IPHONEOS_DEPLOYMENT_TARGET = 14.0;
				LD_RUNPATH_SEARCH_PATHS = (
					"$(inherited)",
					"@executable_path/Frameworks",
				);
				PRODUCT_BUNDLE_IDENTIFIER = "live.amey.mongodb-swiftui";
				PRODUCT_NAME = "$(TARGET_NAME)";
				SWIFT_VERSION = 5.0;
				TARGETED_DEVICE_FAMILY = "1,2";
			};
			name = Release;
		};
/* End XCBuildConfiguration section */

/* Begin XCConfigurationList section */
		9D8175EF269EAEB10052FBF6 /* Build configuration list for PBXProject "mongodb-swiftui" */ = {
			isa = XCConfigurationList;
			buildConfigurations = (
				9D817601269EAEB10052FBF6 /* Debug */,
				9D817602269EAEB10052FBF6 /* Release */,
			);
			defaultConfigurationIsVisible = 0;
			defaultConfigurationName = Release;
		};
		9D817603269EAEB10052FBF6 /* Build configuration list for PBXNativeTarget "mongodb-swiftui" */ = {
			isa = XCConfigurationList;
			buildConfigurations = (
				9D817604269EAEB10052FBF6 /* Debug */,
				9D817605269EAEB10052FBF6 /* Release */,
			);
			defaultConfigurationIsVisible = 0;
			defaultConfigurationName = Release;
		};
/* End XCConfigurationList section */

/* Begin XCRemoteSwiftPackageReference section */
		9D817606269EAFAE0052FBF6 /* XCRemoteSwiftPackageReference "realm-cocoa" */ = {
			isa = XCRemoteSwiftPackageReference;
			repositoryURL = "https://github.com/realm/realm-cocoa.git";
			requirement = {
				kind = upToNextMajorVersion;
				minimumVersion = 10.10.0;
			};
		};
		D5631407270CE636005E6CDF /* XCRemoteSwiftPackageReference "lottie-ios" */ = {
			isa = XCRemoteSwiftPackageReference;
			repositoryURL = "https://github.com/airbnb/lottie-ios";
			requirement = {
				kind = upToNextMajorVersion;
				minimumVersion = 3.0.0;
			};
		};
		D563140F270CE9D1005E6CDF /* XCRemoteSwiftPackageReference "SPConfetti" */ = {
			isa = XCRemoteSwiftPackageReference;
			repositoryURL = "https://github.com/ivanvorobei/SPConfetti";
			requirement = {
				kind = upToNextMajorVersion;
				minimumVersion = 1.0.0;
			};
		};
/* End XCRemoteSwiftPackageReference section */

/* Begin XCSwiftPackageProductDependency section */
		9D817607269EAFAE0052FBF6 /* Realm */ = {
			isa = XCSwiftPackageProductDependency;
			package = 9D817606269EAFAE0052FBF6 /* XCRemoteSwiftPackageReference "realm-cocoa" */;
			productName = Realm;
		};
		9D817609269EAFAE0052FBF6 /* RealmSwift */ = {
			isa = XCSwiftPackageProductDependency;
			package = 9D817606269EAFAE0052FBF6 /* XCRemoteSwiftPackageReference "realm-cocoa" */;
			productName = RealmSwift;
		};
		D5631408270CE636005E6CDF /* Lottie */ = {
			isa = XCSwiftPackageProductDependency;
			package = D5631407270CE636005E6CDF /* XCRemoteSwiftPackageReference "lottie-ios" */;
			productName = Lottie;
		};
		D5631410270CE9D2005E6CDF /* SPConfetti */ = {
			isa = XCSwiftPackageProductDependency;
			package = D563140F270CE9D1005E6CDF /* XCRemoteSwiftPackageReference "SPConfetti" */;
			productName = SPConfetti;
		};
/* End XCSwiftPackageProductDependency section */
	};
	rootObject = 9D8175EC269EAEB10052FBF6 /* Project object */;
}
