{
  "object": {
    "pins": [
      {
        "package": "Lottie",
        "repositoryURL": "https://github.com/airbnb/lottie-ios",
        "state": {
          "branch": null,
          "revision": "79a0b70547f7c40ea54c67487f935fa2f2eaaadc",
          "version": "3.2.3"
        }
      },
      {
        "package": "Realm",
        "repositoryURL": "https://github.com/realm/realm-cocoa.git",
        "state": {
          "branch": null,
          "revision": "77658519b13388c098a7624a94491738f8bb2983",
          "version": "10.10.0"
        }
      },
      {
        "package": "RealmDatabase",
        "repositoryURL": "https://github.com/realm/realm-core",
        "state": {
          "branch": null,
          "revision": "95da0df7815d7cbaff14ed5e8b73fe4c2a992816",
          "version": "11.0.4"
        }
      },
      {
        "package": "SPConfetti",
        "repositoryURL": "https://github.com/ivanvorobei/SPConfetti",
        "state": {
          "branch": null,
          "revision": "cda80c9847d86a8180746774bcbcbee8b9aa00fe",
          "version": "1.2.5"
        }
      }
    ]
  },
  "version": 1
}
